
Microsoft Visual Studio Solution File, Format Version 12.00
# Visual Studio Version 16
VisualStudioVersion = 16.0.31702.278
MinimumVisualStudioVersion = 10.0.40219.1
Project("{8BC9CEB8-8B4A-11D0-8D11-00A0C91BC942}") = "Task 1", "08.12.2021. homework №5\08.12.2021. homework №5.vcxproj", "{9E1D5C3C-76C6-45E6-916D-505533957F8F}"
EndProject
Project("{8BC9CEB8-8B4A-11D0-8D11-00A0C91BC942}") = "Task 2", "Task 2\Task 2.vcxproj", "{0E7A7BFA-9076-4C7F-B013-1CDB11AFC35A}"
EndProject
Project("{8BC9CEB8-8B4A-11D0-8D11-00A0C91BC942}") = "Task 3", "Task 3\Task 3.vcxproj", "{8F5632C7-E119-4A3C-9E84-97DB33C1EFE7}"
EndProject
Global
	GlobalSection(SolutionConfigurationPlatforms) = preSolution
		Debug|x64 = Debug|x64
		Debug|x86 = Debug|x86
		Release|x64 = Release|x64
		Release|x86 = Release|x86
	EndGlobalSection
	GlobalSection(ProjectConfigurationPlatforms) = postSolution
		{9E1D5C3C-76C6-45E6-916D-505533957F8F}.Debug|x64.ActiveCfg = Debug|x64
		{9E1D5C3C-76C6-45E6-916D-505533957F8F}.Debug|x64.Build.0 = Debug|x64
		{9E1D5C3C-76C6-45E6-916D-505533957F8F}.Debug|x86.ActiveCfg = Debug|Win32
		{9E1D5C3C-76C6-45E6-916D-505533957F8F}.Debug|x86.Build.0 = Debug|Win32
		{9E1D5C3C-76C6-45E6-916D-505533957F8F}.Release|x64.ActiveCfg = Release|x64
		{9E1D5C3C-76C6-45E6-916D-505533957F8F}.Release|x64.Build.0 = Release|x64
		{9E1D5C3C-76C6-45E6-916D-505533957F8F}.Release|x86.ActiveCfg = Release|Win32
		{9E1D5C3C-76C6-45E6-916D-505533957F8F}.Release|x86.Build.0 = Release|Win32
		{0E7A7BFA-9076-4C7F-B013-1CDB11AFC35A}.Debug|x64.ActiveCfg = Debug|x64
		{0E7A7BFA-9076-4C7F-B013-1CDB11AFC35A}.Debug|x64.Build.0 = Debug|x64
		{0E7A7BFA-9076-4C7F-B013-1CDB11AFC35A}.Debug|x86.ActiveCfg = Debug|Win32
		{0E7A7BFA-9076-4C7F-B013-1CDB11AFC35A}.Debug|x86.Build.0 = Debug|Win32
		{0E7A7BFA-9076-4C7F-B013-1CDB11AFC35A}.Release|x64.ActiveCfg = Release|x64
		{0E7A7BFA-9076-4C7F-B013-1CDB11AFC35A}.Release|x64.Build.0 = Release|x64
		{0E7A7BFA-9076-4C7F-B013-1CDB11AFC35A}.Release|x86.ActiveCfg = Release|Win32
		{0E7A7BFA-9076-4C7F-B013-1CDB11AFC35A}.Release|x86.Build.0 = Release|Win32
		{8F5632C7-E119-4A3C-9E84-97DB33C1EFE7}.Debug|x64.ActiveCfg = Debug|x64
		{8F5632C7-E119-4A3C-9E84-97DB33C1EFE7}.Debug|x64.Build.0 = Debug|x64
		{8F5632C7-E119-4A3C-9E84-97DB33C1EFE7}.Debug|x86.ActiveCfg = Debug|Win32
		{8F5632C7-E119-4A3C-9E84-97DB33C1EFE7}.Debug|x86.Build.0 = Debug|Win32
		{8F5632C7-E119-4A3C-9E84-97DB33C1EFE7}.Release|x64.ActiveCfg = Release|x64
		{8F5632C7-E119-4A3C-9E84-97DB33C1EFE7}.Release|x64.Build.0 = Release|x64
		{8F5632C7-E119-4A3C-9E84-97DB33C1EFE7}.Release|x86.ActiveCfg = Release|Win32
		{8F5632C7-E119-4A3C-9E84-97DB33C1EFE7}.Release|x86.Build.0 = Release|Win32
	EndGlobalSection
	GlobalSection(SolutionProperties) = preSolution
		HideSolutionNode = FALSE
	EndGlobalSection
	GlobalSection(ExtensibilityGlobals) = postSolution
		SolutionGuid = {5CBD851E-3934-49AF-88E9-8D76A63CFAB2}
	EndGlobalSection
EndGlobal
