
Microsoft Visual Studio Solution File, Format Version 12.00
# Visual Studio Version 16
VisualStudioVersion = 16.0.31702.278
MinimumVisualStudioVersion = 10.0.40219.1
Project("{8BC9CEB8-8B4A-11D0-8D11-00A0C91BC942}") = "06.12.2021 homework 6", "06.12.2021 homework 6\06.12.2021 homework 6.vcxproj", "{43A2DD6C-2738-4EEF-A41B-D75D55B83BEA}"
EndProject
Global
	GlobalSection(SolutionConfigurationPlatforms) = preSolution
		Debug|x64 = Debug|x64
		Debug|x86 = Debug|x86
		Release|x64 = Release|x64
		Release|x86 = Release|x86
	EndGlobalSection
	GlobalSection(ProjectConfigurationPlatforms) = postSolution
		{43A2DD6C-2738-4EEF-A41B-D75D55B83BEA}.Debug|x64.ActiveCfg = Debug|x64
		{43A2DD6C-2738-4EEF-A41B-D75D55B83BEA}.Debug|x64.Build.0 = Debug|x64
		{43A2DD6C-2738-4EEF-A41B-D75D55B83BEA}.Debug|x86.ActiveCfg = Debug|Win32
		{43A2DD6C-2738-4EEF-A41B-D75D55B83BEA}.Debug|x86.Build.0 = Debug|Win32
		{43A2DD6C-2738-4EEF-A41B-D75D55B83BEA}.Release|x64.ActiveCfg = Release|x64
		{43A2DD6C-2738-4EEF-A41B-D75D55B83BEA}.Release|x64.Build.0 = Release|x64
		{43A2DD6C-2738-4EEF-A41B-D75D55B83BEA}.Release|x86.ActiveCfg = Release|Win32
		{43A2DD6C-2738-4EEF-A41B-D75D55B83BEA}.Release|x86.Build.0 = Release|Win32
	EndGlobalSection
	GlobalSection(SolutionProperties) = preSolution
		HideSolutionNode = FALSE
	EndGlobalSection
	GlobalSection(ExtensibilityGlobals) = postSolution
		SolutionGuid = {904CDEA8-EE86-4A55-AB9A-7C86DAE46D2E}
	EndGlobalSection
EndGlobal
